
Microsoft Visual Studio Solution File, Format Version 12.00
# Visual Studio Version 16
VisualStudioVersion = 16.0.31205.134
MinimumVisualStudioVersion = 10.0.40219.1
Project("{9A19103F-16F7-4668-BE54-9A1E7A4F7556}") = "CarServiceCare.Server", "CarServiceCare.Server\CarServiceCare.Server.csproj", "{2524DD7A-D2EC-45A3-B786-266B245709AA}"
EndProject
Project("{9A19103F-16F7-4668-BE54-9A1E7A4F7556}") = "CarServiceCare.DataAccess", "DataAccess\CarServiceCare.DataAccess.csproj", "{47FD6837-AED9-4A77-853C-AA9F92BA9200}"
EndProject
Project("{9A19103F-16F7-4668-BE54-9A1E7A4F7556}") = "CarServiceCare.Common", "CarServiceCare.Common\CarServiceCare.Common.csproj", "{F2A5CF94-5F7E-4B78-A914-9593F70C65D8}"
EndProject
Project("{9A19103F-16F7-4668-BE54-9A1E7A4F7556}") = "CarServiceCare.Business", "CarServiceCare.Business\CarServiceCare.Business.csproj", "{9EF9DFD3-63F7-47A7-9520-EB965DF90BE6}"
EndProject
Project("{9A19103F-16F7-4668-BE54-9A1E7A4F7556}") = "CarServiceCare.Models", "CarServiceCare.Models\CarServiceCare.Models.csproj", "{6DAFB4A6-9A85-48D6-91A6-FB30C8FDF766}"
EndProject
Global
	GlobalSection(SolutionConfigurationPlatforms) = preSolution
		Debug|Any CPU = Debug|Any CPU
		Release|Any CPU = Release|Any CPU
	EndGlobalSection
	GlobalSection(ProjectConfigurationPlatforms) = postSolution
		{2524DD7A-D2EC-45A3-B786-266B245709AA}.Debug|Any CPU.ActiveCfg = Debug|Any CPU
		{2524DD7A-D2EC-45A3-B786-266B245709AA}.Debug|Any CPU.Build.0 = Debug|Any CPU
		{2524DD7A-D2EC-45A3-B786-266B245709AA}.Release|Any CPU.ActiveCfg = Release|Any CPU
		{2524DD7A-D2EC-45A3-B786-266B245709AA}.Release|Any CPU.Build.0 = Release|Any CPU
		{47FD6837-AED9-4A77-853C-AA9F92BA9200}.Debug|Any CPU.ActiveCfg = Debug|Any CPU
		{47FD6837-AED9-4A77-853C-AA9F92BA9200}.Debug|Any CPU.Build.0 = Debug|Any CPU
		{47FD6837-AED9-4A77-853C-AA9F92BA9200}.Release|Any CPU.ActiveCfg = Release|Any CPU
		{47FD6837-AED9-4A77-853C-AA9F92BA9200}.Release|Any CPU.Build.0 = Release|Any CPU
		{F2A5CF94-5F7E-4B78-A914-9593F70C65D8}.Debug|Any CPU.ActiveCfg = Debug|Any CPU
		{F2A5CF94-5F7E-4B78-A914-9593F70C65D8}.Debug|Any CPU.Build.0 = Debug|Any CPU
		{F2A5CF94-5F7E-4B78-A914-9593F70C65D8}.Release|Any CPU.ActiveCfg = Release|Any CPU
		{F2A5CF94-5F7E-4B78-A914-9593F70C65D8}.Release|Any CPU.Build.0 = Release|Any CPU
		{9EF9DFD3-63F7-47A7-9520-EB965DF90BE6}.Debug|Any CPU.ActiveCfg = Debug|Any CPU
		{9EF9DFD3-63F7-47A7-9520-EB965DF90BE6}.Debug|Any CPU.Build.0 = Debug|Any CPU
		{9EF9DFD3-63F7-47A7-9520-EB965DF90BE6}.Release|Any CPU.ActiveCfg = Release|Any CPU
		{9EF9DFD3-63F7-47A7-9520-EB965DF90BE6}.Release|Any CPU.Build.0 = Release|Any CPU
		{6DAFB4A6-9A85-48D6-91A6-FB30C8FDF766}.Debug|Any CPU.ActiveCfg = Debug|Any CPU
		{6DAFB4A6-9A85-48D6-91A6-FB30C8FDF766}.Debug|Any CPU.Build.0 = Debug|Any CPU
		{6DAFB4A6-9A85-48D6-91A6-FB30C8FDF766}.Release|Any CPU.ActiveCfg = Release|Any CPU
		{6DAFB4A6-9A85-48D6-91A6-FB30C8FDF766}.Release|Any CPU.Build.0 = Release|Any CPU
	EndGlobalSection
	GlobalSection(SolutionProperties) = preSolution
		HideSolutionNode = FALSE
	EndGlobalSection
	GlobalSection(ExtensibilityGlobals) = postSolution
		SolutionGuid = {4BD3CACD-6EA9-4B16-92F2-E8463A889C40}
	EndGlobalSection
EndGlobal
